<?xml version="1.0" encoding="utf-8"?>
<Project ToolsVersion="4.0" xmlns="http://schemas.microsoft.com/developer/msbuild/2003">
  <ItemGroup>
    <Filter Include="소스 파일">
      <UniqueIdentifier>{4FC737F1-C7A5-4376-A066-2A32D752A2FF}</UniqueIdentifier>
      <Extensions>cpp;c;cc;cxx;c++;cppm;ixx;def;odl;idl;hpj;bat;asm;asmx</Extensions>
    </Filter>
    <Filter Include="헤더 파일">
      <UniqueIdentifier>{93995380-89BD-4b04-88EB-625FBE52EBFB}</UniqueIdentifier>
      <Extensions>h;hh;hpp;hxx;h++;hm;inl;inc;ipp;xsd</Extensions>
    </Filter>
    <Filter Include="소스 파일\prototype">
      <UniqueIdentifier>{3e70f7e2-55bd-43da-925d-c1cc8fb12e7f}</UniqueIdentifier>
    </Filter>
    <Filter Include="소스 파일\src">
      <UniqueIdentifier>{f407d52d-0053-475e-b2fd-0546d355daeb}</UniqueIdentifier>
    </Filter>
    <Filter Include="헤더 파일\src">
      <UniqueIdentifier>{c11bf4d2-f307-4fca-9121-7547fbadf5f8}</UniqueIdentifier>
    </Filter>
    <Filter Include="소스 파일\src\systems">
      <UniqueIdentifier>{8f349f79-2971-47e4-adf7-a4b7af4ef0a1}</UniqueIdentifier>
    </Filter>
    <Filter Include="소스 파일\src\entities">
      <UniqueIdentifier>{b8f34979-2971-47e4-adf7-a4b7af4ef0a1}</UniqueIdentifier>
    </Filter>
    <Filter Include="헤더 파일\src\systems">
      <UniqueIdentifier>{95e6f239-1d63-495e-a1c1-5f80562d8d65}</UniqueIdentifier>
    </Filter>
    <Filter Include="헤더 파일\src\entities">
      <UniqueIdentifier>{c8f34979-2971-47e4-adf7-a4b7af4ef0a1}</UniqueIdentifier>
    </Filter>
    <Filter Include="소스 파일\src\fields">
      <UniqueIdentifier>{7f6b6e7e-6cbe-43fc-8bf1-a250667f78d1}</UniqueIdentifier>
    </Filter>
    <Filter Include="헤더 파일\src\fields">
      <UniqueIdentifier>{6e5b7ef2-238e-4a5c-b45f-7dc396f4577c}</UniqueIdentifier>
    </Filter>
  </ItemGroup>
  <ItemGroup>
    <ClCompile Include="test.c">
      <Filter>소스 파일\prototype</Filter>
    </ClCompile>
    <ClCompile Include="src\game.c">
      <Filter>소스 파일\src</Filter>
    </ClCompile>
    <ClCompile Include="src\input.c">
      <Filter>소스 파일\src</Filter>
    </ClCompile>
    <ClCompile Include="src\log.c">
      <Filter>소스 파일\src</Filter>
    </ClCompile>
    <ClCompile Include="src\main.c">
      <Filter>소스 파일\src</Filter>
    </ClCompile>
    <ClCompile Include="src\map.c">
      <Filter>소스 파일\src</Filter>
    </ClCompile>
    <ClCompile Include="src\entity.c">
      <Filter>소스 파일\src</Filter>
    </ClCompile>
    <ClCompile Include="src\entities\door.c">
      <Filter>소스 파일\src\entities</Filter>
    </ClCompile>
    <ClCompile Include="src\field_spawns.c">
      <Filter>소스 파일\src</Filter>
    </ClCompile>
    <ClCompile Include="src\overworld.c">
      <Filter>소스 파일\src</Filter>
    </ClCompile>
    <ClCompile Include="src\render.c">
      <Filter>소스 파일\src</Filter>
    </ClCompile>
    <ClCompile Include="src\fields\field1.c">
      <Filter>소스 파일\src\fields</Filter>
    </ClCompile>
    <ClCompile Include="src\fields\field2.c">
      <Filter>소스 파일\src\fields</Filter>
    </ClCompile>
    <ClCompile Include="src\fields\field3.c">
      <Filter>소스 파일\src\fields</Filter>
    </ClCompile>
    <ClCompile Include="src\fields\field4.c">
      <Filter>소스 파일\src\fields</Filter>
    </ClCompile>
    <ClCompile Include="src\fields\field5.c">
      <Filter>소스 파일\src\fields</Filter>
    </ClCompile>
    <ClCompile Include="src\fields\field6.c">
      <Filter>소스 파일\src\fields</Filter>
    </ClCompile>
    <ClCompile Include="src\fields\field7.c">
      <Filter>소스 파일\src\fields</Filter>
    </ClCompile>
    <ClCompile Include="src\fields\field8.c">
      <Filter>소스 파일\src\fields</Filter>
    </ClCompile>
    <ClCompile Include="src\fields\field9.c">
      <Filter>소스 파일\src\fields</Filter>
    </ClCompile>
    <ClCompile Include="src\systems\interaction.c">
      <Filter>소스 파일\src\systems</Filter>
    </ClCompile>
  </ItemGroup>
  <ItemGroup>
    <ClInclude Include="src\game.h">
      <Filter>헤더 파일\src</Filter>
    </ClInclude>
    <ClInclude Include="src\input.h">
      <Filter>헤더 파일\src</Filter>
    </ClInclude>
    <ClInclude Include="src\log.h">
      <Filter>헤더 파일\src</Filter>
    </ClInclude>
    <ClInclude Include="src\map.h">
      <Filter>헤더 파일\src</Filter>
    </ClInclude>
    <ClInclude Include="src\entity.h">
      <Filter>헤더 파일\src</Filter>
    </ClInclude>
    <ClInclude Include="src\entities\door.h">
      <Filter>헤더 파일\src\entities</Filter>
    </ClInclude>
    <ClInclude Include="src\field_spawns.h">
      <Filter>헤더 파일\src</Filter>
    </ClInclude>
    <ClInclude Include="src\spawn.h">
      <Filter>헤더 파일\src</Filter>
    </ClInclude>
    <ClInclude Include="src\overworld.h">
      <Filter>헤더 파일\src</Filter>
    </ClInclude>
    <ClInclude Include="src\render.h">
      <Filter>헤더 파일\src</Filter>
    </ClInclude>
    <ClInclude Include="src\fields\field1.h">
      <Filter>헤더 파일\src\fields</Filter>
    </ClInclude>
    <ClInclude Include="src\fields\field2.h">
      <Filter>헤더 파일\src\fields</Filter>
    </ClInclude>
    <ClInclude Include="src\fields\field3.h">
      <Filter>헤더 파일\src\fields</Filter>
    </ClInclude>
    <ClInclude Include="src\fields\field4.h">
      <Filter>헤더 파일\src\fields</Filter>
    </ClInclude>
    <ClInclude Include="src\fields\field5.h">
      <Filter>헤더 파일\src\fields</Filter>
    </ClInclude>
    <ClInclude Include="src\fields\field6.h">
      <Filter>헤더 파일\src\fields</Filter>
    </ClInclude>
    <ClInclude Include="src\fields\field7.h">
      <Filter>헤더 파일\src\fields</Filter>
    </ClInclude>
    <ClInclude Include="src\fields\field8.h">
      <Filter>헤더 파일\src\fields</Filter>
    </ClInclude>
    <ClInclude Include="src\fields\field9.h">
      <Filter>헤더 파일\src\fields</Filter>
    </ClInclude>
    <ClInclude Include="src\systems\interaction.h">
      <Filter>헤더 파일\src\systems</Filter>
    </ClInclude>
  </ItemGroup>
</Project>
